
Microsoft Visual Studio Solution File, Format Version 12.00
# Visual Studio Version 17
VisualStudioVersion = 17.14.36717.8
MinimumVisualStudioVersion = 10.0.40219.1
Project("{FAE04EC0-301F-11D3-BF4B-00C04F79EFBC}") = "DVLD PresentationLayer", "DVLD Project\DVLD PresentationLayer.csproj", "{0C7D9B7E-E854-438F-86F3-B02735AC8D2F}"
EndProject
Project("{FAE04EC0-301F-11D3-BF4B-00C04F79EFBC}") = "DVLDBussinessLayer", "DVLDBussinessLayer\DVLDBussinessLayer.csproj", "{834AFEED-360A-4D85-B769-D5BE8A2345A0}"
EndProject
Project("{FAE04EC0-301F-11D3-BF4B-00C04F79EFBC}") = "DVLD_DataAccessLayer", "DVLD_DataAccessLayer\DVLD_DataAccessLayer.csproj", "{25E653DC-20DF-4E21-B172-8E744ED422E9}"
EndProject
Global
	GlobalSection(SolutionConfigurationPlatforms) = preSolution
		Debug|Any CPU = Debug|Any CPU
		Release|Any CPU = Release|Any CPU
	EndGlobalSection
	GlobalSection(ProjectConfigurationPlatforms) = postSolution
		{0C7D9B7E-E854-438F-86F3-B02735AC8D2F}.Debug|Any CPU.ActiveCfg = Debug|Any CPU
		{0C7D9B7E-E854-438F-86F3-B02735AC8D2F}.Debug|Any CPU.Build.0 = Debug|Any CPU
		{0C7D9B7E-E854-438F-86F3-B02735AC8D2F}.Release|Any CPU.ActiveCfg = Release|Any CPU
		{0C7D9B7E-E854-438F-86F3-B02735AC8D2F}.Release|Any CPU.Build.0 = Release|Any CPU
		{834AFEED-360A-4D85-B769-D5BE8A2345A0}.Debug|Any CPU.ActiveCfg = Debug|Any CPU
		{834AFEED-360A-4D85-B769-D5BE8A2345A0}.Debug|Any CPU.Build.0 = Debug|Any CPU
		{834AFEED-360A-4D85-B769-D5BE8A2345A0}.Release|Any CPU.ActiveCfg = Release|Any CPU
		{834AFEED-360A-4D85-B769-D5BE8A2345A0}.Release|Any CPU.Build.0 = Release|Any CPU
		{25E653DC-20DF-4E21-B172-8E744ED422E9}.Debug|Any CPU.ActiveCfg = Debug|Any CPU
		{25E653DC-20DF-4E21-B172-8E744ED422E9}.Debug|Any CPU.Build.0 = Debug|Any CPU
		{25E653DC-20DF-4E21-B172-8E744ED422E9}.Release|Any CPU.ActiveCfg = Release|Any CPU
		{25E653DC-20DF-4E21-B172-8E744ED422E9}.Release|Any CPU.Build.0 = Release|Any CPU
	EndGlobalSection
	GlobalSection(SolutionProperties) = preSolution
		HideSolutionNode = FALSE
	EndGlobalSection
	GlobalSection(ExtensibilityGlobals) = postSolution
		SolutionGuid = {A9282C99-BC2A-4AEC-816A-B543DA76834C}
	EndGlobalSection
EndGlobal
